<?xml version="1.0" encoding="utf-8"?>
<Project ToolsVersion="4.0" xmlns="http://schemas.microsoft.com/developer/msbuild/2003">
  <ItemGroup>
    <Filter Include="Source Files">
      <UniqueIdentifier>{4FC737F1-C7A5-4376-A066-2A32D752A2FF}</UniqueIdentifier>
      <Extensions>cpp;c;cc;cxx;def;odl;idl;hpj;bat;asm;asmx</Extensions>
    </Filter>
    <Filter Include="Header Files">
      <UniqueIdentifier>{93995380-89BD-4b04-88EB-625FBE52EBFB}</UniqueIdentifier>
      <Extensions>h;hpp;hxx;hm;inl;inc;xsd</Extensions>
    </Filter>
    <Filter Include="Data">
      <UniqueIdentifier>{ccfd9a2c-8f73-4a74-9311-9140308786de}</UniqueIdentifier>
    </Filter>
  </ItemGroup>
  <ItemGroup>
    <Text Include="Data\Task.txt">
      <Filter>Data</Filter>
    </Text>
  </ItemGroup>
  <ItemGroup>
    <ClInclude Include="stdafx.h">
      <Filter>Header Files</Filter>
    </ClInclude>
    <ClInclude Include="targetver.h">
      <Filter>Header Files</Filter>
    </ClInclude>
    <ClInclude Include="GoogleMapTrip.h">
      <Filter>Header Files</Filter>
    </ClInclude>
    <ClInclude Include="FindFile.h">
      <Filter>Source Files</Filter>
    </ClInclude>
    <ClInclude Include="ExifUtils.h">
      <Filter>Source Files</Filter>
    </ClInclude>
    <ClInclude Include="JSGen.h">
      <Filter>Source Files</Filter>
    </ClInclude>
    <ClInclude Include="DataTypes.h">
      <Filter>Source Files</Filter>
    </ClInclude>
    <ClInclude Include="NodeGPSFixesCanadaTrip.h">
      <Filter>Source Files</Filter>
    </ClInclude>
    <ClInclude Include="Stats.h">
      <Filter>Source Files</Filter>
    </ClInclude>
  </ItemGroup>
  <ItemGroup>
    <ClCompile Include="stdafx.cpp">
      <Filter>Source Files</Filter>
    </ClCompile>
    <ClCompile Include="GoogleMapTrip.cpp">
      <Filter>Source Files</Filter>
    </ClCompile>
    <ClCompile Include="FindFile.cpp">
      <Filter>Source Files</Filter>
    </ClCompile>
    <ClCompile Include="ExifUtils.cpp">
      <Filter>Source Files</Filter>
    </ClCompile>
    <ClCompile Include="JSGen.cpp">
      <Filter>Source Files</Filter>
    </ClCompile>
    <ClCompile Include="DataTypes.cpp">
      <Filter>Source Files</Filter>
    </ClCompile>
    <ClCompile Include="Stats.cpp">
      <Filter>Source Files</Filter>
    </ClCompile>
  </ItemGroup>
  <ItemGroup>
    <None Include="Data\CanadaTrip.html">
      <Filter>Data</Filter>
    </None>
    <None Include="Data\CanadaTripCorrectNodes.html">
      <Filter>Data</Filter>
    </None>
    <None Include="Data\OpenCanadaTripFinal.html">
      <Filter>Data</Filter>
    </None>
    <None Include="Data\Python2WebServer.bat">
      <Filter>Data</Filter>
    </None>
  </ItemGroup>
</Project>